
Microsoft Visual Studio Solution File, Format Version 12.00
# Visual Studio Version 17
VisualStudioVersion = 17.4.33205.214
MinimumVisualStudioVersion = 10.0.40219.1
Project("{9A19103F-16F7-4668-BE54-9A1E7A4F7556}") = "QAACommon", "QAACommon.csproj", "{DB04555A-18BF-44AD-893D-CA88DE291983}"
EndProject
Global
	GlobalSection(SolutionConfigurationPlatforms) = preSolution
		Debug|Any CPU = Debug|Any CPU
		Release|Any CPU = Release|Any CPU
	EndGlobalSection
	GlobalSection(ProjectConfigurationPlatforms) = postSolution
		{DB04555A-18BF-44AD-893D-CA88DE291983}.Debug|Any CPU.ActiveCfg = Debug|Any CPU
		{DB04555A-18BF-44AD-893D-CA88DE291983}.Debug|Any CPU.Build.0 = Debug|Any CPU
		{DB04555A-18BF-44AD-893D-CA88DE291983}.Release|Any CPU.ActiveCfg = Release|Any CPU
		{DB04555A-18BF-44AD-893D-CA88DE291983}.Release|Any CPU.Build.0 = Release|Any CPU
	EndGlobalSection
	GlobalSection(SolutionProperties) = preSolution
		HideSolutionNode = FALSE
	EndGlobalSection
	GlobalSection(ExtensibilityGlobals) = postSolution
		SolutionGuid = {B852F56B-825A-4D4D-BA2A-403B6513FA4B}
	EndGlobalSection
EndGlobal
